
Microsoft Visual Studio Solution File, Format Version 12.00
# Visual Studio Version 16
VisualStudioVersion = 16.0.30011.22
MinimumVisualStudioVersion = 10.0.40219.1
Project("{FAE04EC0-301F-11D3-BF4B-00C04F79EFBC}") = "PostStar.Basic", "PostStar.Basic\PostStar.Basic.csproj", "{9804CAE7-8531-4BF8-87D6-79828F3E708F}"
EndProject
Project("{FAE04EC0-301F-11D3-BF4B-00C04F79EFBC}") = "PostStar.Common", "PostStar.Common\PostStar.Common.csproj", "{6D9EFA0F-AC4C-43B8-9990-5F34616B5721}"
EndProject
Project("{FAE04EC0-301F-11D3-BF4B-00C04F79EFBC}") = "PostStar.Communicator", "PostStar.Communicator\PostStar.Communicator.csproj", "{DC5D82CC-2B37-4948-99E0-1564ADA6D63A}"
EndProject
Project("{FAE04EC0-301F-11D3-BF4B-00C04F79EFBC}") = "PostStar.EchoServer", "PostStar.EchoServer\PostStar.EchoServer.csproj", "{EF5D8F88-6650-48AA-AF2B-BC04DCB169E6}"
EndProject
Project("{54435603-DBB4-11D2-8724-00A0C9A8B90C}") = "PostStar.Setup", "PostStar.Setup\PostStar.Setup.vdproj", "{25EC96C9-10F8-4E60-9044-D49BF825D1C6}"
EndProject
Project("{FAE04EC0-301F-11D3-BF4B-00C04F79EFBC}") = "PostStar.WBasic", "PostStar.WBasic\PostStar.WBasic.csproj", "{E4DEF16A-9BF7-4DFB-8C4D-E505B2FCBBB4}"
EndProject
Project("{9A19103F-16F7-4668-BE54-9A1E7A4F7556}") = "ZTest", "ZTest\ZTest.csproj", "{C87BE9B7-5A05-4259-800C-1225AEFF027B}"
EndProject
Project("{C7167F0D-BC9F-4E6E-AFE1-012C56B48DB5}") = "PostStar.Packaging", "PostStar.Packaging\PostStar.Packaging.wapproj", "{7DDB23F6-1923-40D3-A374-F8F54539E091}"
EndProject
Global
	GlobalSection(SolutionConfigurationPlatforms) = preSolution
		Debug|Any CPU = Debug|Any CPU
		Debug|ARM = Debug|ARM
		Debug|ARM64 = Debug|ARM64
		Debug|x64 = Debug|x64
		Debug|x86 = Debug|x86
		Release|Any CPU = Release|Any CPU
		Release|ARM = Release|ARM
		Release|ARM64 = Release|ARM64
		Release|x64 = Release|x64
		Release|x86 = Release|x86
	EndGlobalSection
	GlobalSection(ProjectConfigurationPlatforms) = postSolution
		{9804CAE7-8531-4BF8-87D6-79828F3E708F}.Debug|Any CPU.ActiveCfg = Debug|Any CPU
		{9804CAE7-8531-4BF8-87D6-79828F3E708F}.Debug|Any CPU.Build.0 = Debug|Any CPU
		{9804CAE7-8531-4BF8-87D6-79828F3E708F}.Debug|ARM.ActiveCfg = Debug|Any CPU
		{9804CAE7-8531-4BF8-87D6-79828F3E708F}.Debug|ARM.Build.0 = Debug|Any CPU
		{9804CAE7-8531-4BF8-87D6-79828F3E708F}.Debug|ARM64.ActiveCfg = Debug|Any CPU
		{9804CAE7-8531-4BF8-87D6-79828F3E708F}.Debug|ARM64.Build.0 = Debug|Any CPU
		{9804CAE7-8531-4BF8-87D6-79828F3E708F}.Debug|x64.ActiveCfg = Debug|Any CPU
		{9804CAE7-8531-4BF8-87D6-79828F3E708F}.Debug|x64.Build.0 = Debug|Any CPU
		{9804CAE7-8531-4BF8-87D6-79828F3E708F}.Debug|x86.ActiveCfg = Debug|Any CPU
		{9804CAE7-8531-4BF8-87D6-79828F3E708F}.Debug|x86.Build.0 = Debug|Any CPU
		{9804CAE7-8531-4BF8-87D6-79828F3E708F}.Release|Any CPU.ActiveCfg = Release|Any CPU
		{9804CAE7-8531-4BF8-87D6-79828F3E708F}.Release|Any CPU.Build.0 = Release|Any CPU
		{9804CAE7-8531-4BF8-87D6-79828F3E708F}.Release|ARM.ActiveCfg = Release|Any CPU
		{9804CAE7-8531-4BF8-87D6-79828F3E708F}.Release|ARM.Build.0 = Release|Any CPU
		{9804CAE7-8531-4BF8-87D6-79828F3E708F}.Release|ARM64.ActiveCfg = Release|Any CPU
		{9804CAE7-8531-4BF8-87D6-79828F3E708F}.Release|ARM64.Build.0 = Release|Any CPU
		{9804CAE7-8531-4BF8-87D6-79828F3E708F}.Release|x64.ActiveCfg = Release|Any CPU
		{9804CAE7-8531-4BF8-87D6-79828F3E708F}.Release|x64.Build.0 = Release|Any CPU
		{9804CAE7-8531-4BF8-87D6-79828F3E708F}.Release|x86.ActiveCfg = Release|Any CPU
		{9804CAE7-8531-4BF8-87D6-79828F3E708F}.Release|x86.Build.0 = Release|Any CPU
		{6D9EFA0F-AC4C-43B8-9990-5F34616B5721}.Debug|Any CPU.ActiveCfg = Debug|Any CPU
		{6D9EFA0F-AC4C-43B8-9990-5F34616B5721}.Debug|Any CPU.Build.0 = Debug|Any CPU
		{6D9EFA0F-AC4C-43B8-9990-5F34616B5721}.Debug|ARM.ActiveCfg = Debug|Any CPU
		{6D9EFA0F-AC4C-43B8-9990-5F34616B5721}.Debug|ARM.Build.0 = Debug|Any CPU
		{6D9EFA0F-AC4C-43B8-9990-5F34616B5721}.Debug|ARM64.ActiveCfg = Debug|Any CPU
		{6D9EFA0F-AC4C-43B8-9990-5F34616B5721}.Debug|ARM64.Build.0 = Debug|Any CPU
		{6D9EFA0F-AC4C-43B8-9990-5F34616B5721}.Debug|x64.ActiveCfg = Debug|Any CPU
		{6D9EFA0F-AC4C-43B8-9990-5F34616B5721}.Debug|x64.Build.0 = Debug|Any CPU
		{6D9EFA0F-AC4C-43B8-9990-5F34616B5721}.Debug|x86.ActiveCfg = Debug|Any CPU
		{6D9EFA0F-AC4C-43B8-9990-5F34616B5721}.Debug|x86.Build.0 = Debug|Any CPU
		{6D9EFA0F-AC4C-43B8-9990-5F34616B5721}.Release|Any CPU.ActiveCfg = Release|Any CPU
		{6D9EFA0F-AC4C-43B8-9990-5F34616B5721}.Release|Any CPU.Build.0 = Release|Any CPU
		{6D9EFA0F-AC4C-43B8-9990-5F34616B5721}.Release|ARM.ActiveCfg = Release|Any CPU
		{6D9EFA0F-AC4C-43B8-9990-5F34616B5721}.Release|ARM.Build.0 = Release|Any CPU
		{6D9EFA0F-AC4C-43B8-9990-5F34616B5721}.Release|ARM64.ActiveCfg = Release|Any CPU
		{6D9EFA0F-AC4C-43B8-9990-5F34616B5721}.Release|ARM64.Build.0 = Release|Any CPU
		{6D9EFA0F-AC4C-43B8-9990-5F34616B5721}.Release|x64.ActiveCfg = Release|Any CPU
		{6D9EFA0F-AC4C-43B8-9990-5F34616B5721}.Release|x64.Build.0 = Release|Any CPU
		{6D9EFA0F-AC4C-43B8-9990-5F34616B5721}.Release|x86.ActiveCfg = Release|Any CPU
		{6D9EFA0F-AC4C-43B8-9990-5F34616B5721}.Release|x86.Build.0 = Release|Any CPU
		{DC5D82CC-2B37-4948-99E0-1564ADA6D63A}.Debug|Any CPU.ActiveCfg = Debug|Any CPU
		{DC5D82CC-2B37-4948-99E0-1564ADA6D63A}.Debug|Any CPU.Build.0 = Debug|Any CPU
		{DC5D82CC-2B37-4948-99E0-1564ADA6D63A}.Debug|ARM.ActiveCfg = Debug|Any CPU
		{DC5D82CC-2B37-4948-99E0-1564ADA6D63A}.Debug|ARM.Build.0 = Debug|Any CPU
		{DC5D82CC-2B37-4948-99E0-1564ADA6D63A}.Debug|ARM64.ActiveCfg = Debug|Any CPU
		{DC5D82CC-2B37-4948-99E0-1564ADA6D63A}.Debug|ARM64.Build.0 = Debug|Any CPU
		{DC5D82CC-2B37-4948-99E0-1564ADA6D63A}.Debug|x64.ActiveCfg = Debug|Any CPU
		{DC5D82CC-2B37-4948-99E0-1564ADA6D63A}.Debug|x64.Build.0 = Debug|Any CPU
		{DC5D82CC-2B37-4948-99E0-1564ADA6D63A}.Debug|x86.ActiveCfg = Debug|Any CPU
		{DC5D82CC-2B37-4948-99E0-1564ADA6D63A}.Debug|x86.Build.0 = Debug|Any CPU
		{DC5D82CC-2B37-4948-99E0-1564ADA6D63A}.Release|Any CPU.ActiveCfg = Release|Any CPU
		{DC5D82CC-2B37-4948-99E0-1564ADA6D63A}.Release|Any CPU.Build.0 = Release|Any CPU
		{DC5D82CC-2B37-4948-99E0-1564ADA6D63A}.Release|ARM.ActiveCfg = Release|Any CPU
		{DC5D82CC-2B37-4948-99E0-1564ADA6D63A}.Release|ARM.Build.0 = Release|Any CPU
		{DC5D82CC-2B37-4948-99E0-1564ADA6D63A}.Release|ARM64.ActiveCfg = Release|Any CPU
		{DC5D82CC-2B37-4948-99E0-1564ADA6D63A}.Release|ARM64.Build.0 = Release|Any CPU
		{DC5D82CC-2B37-4948-99E0-1564ADA6D63A}.Release|x64.ActiveCfg = Release|Any CPU
		{DC5D82CC-2B37-4948-99E0-1564ADA6D63A}.Release|x64.Build.0 = Release|Any CPU
		{DC5D82CC-2B37-4948-99E0-1564ADA6D63A}.Release|x86.ActiveCfg = Release|Any CPU
		{DC5D82CC-2B37-4948-99E0-1564ADA6D63A}.Release|x86.Build.0 = Release|Any CPU
		{EF5D8F88-6650-48AA-AF2B-BC04DCB169E6}.Debug|Any CPU.ActiveCfg = Debug|Any CPU
		{EF5D8F88-6650-48AA-AF2B-BC04DCB169E6}.Debug|Any CPU.Build.0 = Debug|Any CPU
		{EF5D8F88-6650-48AA-AF2B-BC04DCB169E6}.Debug|ARM.ActiveCfg = Debug|Any CPU
		{EF5D8F88-6650-48AA-AF2B-BC04DCB169E6}.Debug|ARM.Build.0 = Debug|Any CPU
		{EF5D8F88-6650-48AA-AF2B-BC04DCB169E6}.Debug|ARM64.ActiveCfg = Debug|Any CPU
		{EF5D8F88-6650-48AA-AF2B-BC04DCB169E6}.Debug|ARM64.Build.0 = Debug|Any CPU
		{EF5D8F88-6650-48AA-AF2B-BC04DCB169E6}.Debug|x64.ActiveCfg = Debug|Any CPU
		{EF5D8F88-6650-48AA-AF2B-BC04DCB169E6}.Debug|x64.Build.0 = Debug|Any CPU
		{EF5D8F88-6650-48AA-AF2B-BC04DCB169E6}.Debug|x86.ActiveCfg = Debug|Any CPU
		{EF5D8F88-6650-48AA-AF2B-BC04DCB169E6}.Debug|x86.Build.0 = Debug|Any CPU
		{EF5D8F88-6650-48AA-AF2B-BC04DCB169E6}.Release|Any CPU.ActiveCfg = Release|Any CPU
		{EF5D8F88-6650-48AA-AF2B-BC04DCB169E6}.Release|Any CPU.Build.0 = Release|Any CPU
		{EF5D8F88-6650-48AA-AF2B-BC04DCB169E6}.Release|ARM.ActiveCfg = Release|Any CPU
		{EF5D8F88-6650-48AA-AF2B-BC04DCB169E6}.Release|ARM.Build.0 = Release|Any CPU
		{EF5D8F88-6650-48AA-AF2B-BC04DCB169E6}.Release|ARM64.ActiveCfg = Release|Any CPU
		{EF5D8F88-6650-48AA-AF2B-BC04DCB169E6}.Release|ARM64.Build.0 = Release|Any CPU
		{EF5D8F88-6650-48AA-AF2B-BC04DCB169E6}.Release|x64.ActiveCfg = Release|Any CPU
		{EF5D8F88-6650-48AA-AF2B-BC04DCB169E6}.Release|x64.Build.0 = Release|Any CPU
		{EF5D8F88-6650-48AA-AF2B-BC04DCB169E6}.Release|x86.ActiveCfg = Release|Any CPU
		{EF5D8F88-6650-48AA-AF2B-BC04DCB169E6}.Release|x86.Build.0 = Release|Any CPU
		{25EC96C9-10F8-4E60-9044-D49BF825D1C6}.Debug|Any CPU.ActiveCfg = Debug
		{25EC96C9-10F8-4E60-9044-D49BF825D1C6}.Debug|ARM.ActiveCfg = Debug
		{25EC96C9-10F8-4E60-9044-D49BF825D1C6}.Debug|ARM64.ActiveCfg = Debug
		{25EC96C9-10F8-4E60-9044-D49BF825D1C6}.Debug|x64.ActiveCfg = Debug
		{25EC96C9-10F8-4E60-9044-D49BF825D1C6}.Debug|x86.ActiveCfg = Debug
		{25EC96C9-10F8-4E60-9044-D49BF825D1C6}.Release|Any CPU.ActiveCfg = Release
		{25EC96C9-10F8-4E60-9044-D49BF825D1C6}.Release|ARM.ActiveCfg = Release
		{25EC96C9-10F8-4E60-9044-D49BF825D1C6}.Release|ARM64.ActiveCfg = Release
		{25EC96C9-10F8-4E60-9044-D49BF825D1C6}.Release|x64.ActiveCfg = Release
		{25EC96C9-10F8-4E60-9044-D49BF825D1C6}.Release|x86.ActiveCfg = Release
		{E4DEF16A-9BF7-4DFB-8C4D-E505B2FCBBB4}.Debug|Any CPU.ActiveCfg = Debug|Any CPU
		{E4DEF16A-9BF7-4DFB-8C4D-E505B2FCBBB4}.Debug|Any CPU.Build.0 = Debug|Any CPU
		{E4DEF16A-9BF7-4DFB-8C4D-E505B2FCBBB4}.Debug|ARM.ActiveCfg = Debug|Any CPU
		{E4DEF16A-9BF7-4DFB-8C4D-E505B2FCBBB4}.Debug|ARM.Build.0 = Debug|Any CPU
		{E4DEF16A-9BF7-4DFB-8C4D-E505B2FCBBB4}.Debug|ARM64.ActiveCfg = Debug|Any CPU
		{E4DEF16A-9BF7-4DFB-8C4D-E505B2FCBBB4}.Debug|ARM64.Build.0 = Debug|Any CPU
		{E4DEF16A-9BF7-4DFB-8C4D-E505B2FCBBB4}.Debug|x64.ActiveCfg = Debug|Any CPU
		{E4DEF16A-9BF7-4DFB-8C4D-E505B2FCBBB4}.Debug|x64.Build.0 = Debug|Any CPU
		{E4DEF16A-9BF7-4DFB-8C4D-E505B2FCBBB4}.Debug|x86.ActiveCfg = Debug|Any CPU
		{E4DEF16A-9BF7-4DFB-8C4D-E505B2FCBBB4}.Debug|x86.Build.0 = Debug|Any CPU
		{E4DEF16A-9BF7-4DFB-8C4D-E505B2FCBBB4}.Release|Any CPU.ActiveCfg = Release|Any CPU
		{E4DEF16A-9BF7-4DFB-8C4D-E505B2FCBBB4}.Release|Any CPU.Build.0 = Release|Any CPU
		{E4DEF16A-9BF7-4DFB-8C4D-E505B2FCBBB4}.Release|ARM.ActiveCfg = Release|Any CPU
		{E4DEF16A-9BF7-4DFB-8C4D-E505B2FCBBB4}.Release|ARM.Build.0 = Release|Any CPU
		{E4DEF16A-9BF7-4DFB-8C4D-E505B2FCBBB4}.Release|ARM64.ActiveCfg = Release|Any CPU
		{E4DEF16A-9BF7-4DFB-8C4D-E505B2FCBBB4}.Release|ARM64.Build.0 = Release|Any CPU
		{E4DEF16A-9BF7-4DFB-8C4D-E505B2FCBBB4}.Release|x64.ActiveCfg = Release|Any CPU
		{E4DEF16A-9BF7-4DFB-8C4D-E505B2FCBBB4}.Release|x64.Build.0 = Release|Any CPU
		{E4DEF16A-9BF7-4DFB-8C4D-E505B2FCBBB4}.Release|x86.ActiveCfg = Release|Any CPU
		{E4DEF16A-9BF7-4DFB-8C4D-E505B2FCBBB4}.Release|x86.Build.0 = Release|Any CPU
		{C87BE9B7-5A05-4259-800C-1225AEFF027B}.Debug|Any CPU.ActiveCfg = Debug|Any CPU
		{C87BE9B7-5A05-4259-800C-1225AEFF027B}.Debug|Any CPU.Build.0 = Debug|Any CPU
		{C87BE9B7-5A05-4259-800C-1225AEFF027B}.Debug|ARM.ActiveCfg = Debug|Any CPU
		{C87BE9B7-5A05-4259-800C-1225AEFF027B}.Debug|ARM.Build.0 = Debug|Any CPU
		{C87BE9B7-5A05-4259-800C-1225AEFF027B}.Debug|ARM64.ActiveCfg = Debug|Any CPU
		{C87BE9B7-5A05-4259-800C-1225AEFF027B}.Debug|ARM64.Build.0 = Debug|Any CPU
		{C87BE9B7-5A05-4259-800C-1225AEFF027B}.Debug|x64.ActiveCfg = Debug|Any CPU
		{C87BE9B7-5A05-4259-800C-1225AEFF027B}.Debug|x64.Build.0 = Debug|Any CPU
		{C87BE9B7-5A05-4259-800C-1225AEFF027B}.Debug|x86.ActiveCfg = Debug|Any CPU
		{C87BE9B7-5A05-4259-800C-1225AEFF027B}.Debug|x86.Build.0 = Debug|Any CPU
		{C87BE9B7-5A05-4259-800C-1225AEFF027B}.Release|Any CPU.ActiveCfg = Release|Any CPU
		{C87BE9B7-5A05-4259-800C-1225AEFF027B}.Release|Any CPU.Build.0 = Release|Any CPU
		{C87BE9B7-5A05-4259-800C-1225AEFF027B}.Release|ARM.ActiveCfg = Release|Any CPU
		{C87BE9B7-5A05-4259-800C-1225AEFF027B}.Release|ARM.Build.0 = Release|Any CPU
		{C87BE9B7-5A05-4259-800C-1225AEFF027B}.Release|ARM64.ActiveCfg = Release|Any CPU
		{C87BE9B7-5A05-4259-800C-1225AEFF027B}.Release|ARM64.Build.0 = Release|Any CPU
		{C87BE9B7-5A05-4259-800C-1225AEFF027B}.Release|x64.ActiveCfg = Release|Any CPU
		{C87BE9B7-5A05-4259-800C-1225AEFF027B}.Release|x64.Build.0 = Release|Any CPU
		{C87BE9B7-5A05-4259-800C-1225AEFF027B}.Release|x86.ActiveCfg = Release|Any CPU
		{C87BE9B7-5A05-4259-800C-1225AEFF027B}.Release|x86.Build.0 = Release|Any CPU
		{7DDB23F6-1923-40D3-A374-F8F54539E091}.Debug|Any CPU.ActiveCfg = Debug|Any CPU
		{7DDB23F6-1923-40D3-A374-F8F54539E091}.Debug|Any CPU.Build.0 = Debug|Any CPU
		{7DDB23F6-1923-40D3-A374-F8F54539E091}.Debug|Any CPU.Deploy.0 = Debug|Any CPU
		{7DDB23F6-1923-40D3-A374-F8F54539E091}.Debug|ARM.ActiveCfg = Debug|ARM
		{7DDB23F6-1923-40D3-A374-F8F54539E091}.Debug|ARM.Build.0 = Debug|ARM
		{7DDB23F6-1923-40D3-A374-F8F54539E091}.Debug|ARM.Deploy.0 = Debug|ARM
		{7DDB23F6-1923-40D3-A374-F8F54539E091}.Debug|ARM64.ActiveCfg = Debug|ARM64
		{7DDB23F6-1923-40D3-A374-F8F54539E091}.Debug|ARM64.Build.0 = Debug|ARM64
		{7DDB23F6-1923-40D3-A374-F8F54539E091}.Debug|ARM64.Deploy.0 = Debug|ARM64
		{7DDB23F6-1923-40D3-A374-F8F54539E091}.Debug|x64.ActiveCfg = Debug|x64
		{7DDB23F6-1923-40D3-A374-F8F54539E091}.Debug|x64.Build.0 = Debug|x64
		{7DDB23F6-1923-40D3-A374-F8F54539E091}.Debug|x64.Deploy.0 = Debug|x64
		{7DDB23F6-1923-40D3-A374-F8F54539E091}.Debug|x86.ActiveCfg = Debug|x86
		{7DDB23F6-1923-40D3-A374-F8F54539E091}.Debug|x86.Build.0 = Debug|x86
		{7DDB23F6-1923-40D3-A374-F8F54539E091}.Debug|x86.Deploy.0 = Debug|x86
		{7DDB23F6-1923-40D3-A374-F8F54539E091}.Release|Any CPU.ActiveCfg = Release|Any CPU
		{7DDB23F6-1923-40D3-A374-F8F54539E091}.Release|Any CPU.Build.0 = Release|Any CPU
		{7DDB23F6-1923-40D3-A374-F8F54539E091}.Release|Any CPU.Deploy.0 = Release|Any CPU
		{7DDB23F6-1923-40D3-A374-F8F54539E091}.Release|ARM.ActiveCfg = Release|ARM
		{7DDB23F6-1923-40D3-A374-F8F54539E091}.Release|ARM.Build.0 = Release|ARM
		{7DDB23F6-1923-40D3-A374-F8F54539E091}.Release|ARM.Deploy.0 = Release|ARM
		{7DDB23F6-1923-40D3-A374-F8F54539E091}.Release|ARM64.ActiveCfg = Release|ARM64
		{7DDB23F6-1923-40D3-A374-F8F54539E091}.Release|ARM64.Build.0 = Release|ARM64
		{7DDB23F6-1923-40D3-A374-F8F54539E091}.Release|ARM64.Deploy.0 = Release|ARM64
		{7DDB23F6-1923-40D3-A374-F8F54539E091}.Release|x64.ActiveCfg = Release|x64
		{7DDB23F6-1923-40D3-A374-F8F54539E091}.Release|x64.Build.0 = Release|x64
		{7DDB23F6-1923-40D3-A374-F8F54539E091}.Release|x64.Deploy.0 = Release|x64
		{7DDB23F6-1923-40D3-A374-F8F54539E091}.Release|x86.ActiveCfg = Release|x86
		{7DDB23F6-1923-40D3-A374-F8F54539E091}.Release|x86.Build.0 = Release|x86
		{7DDB23F6-1923-40D3-A374-F8F54539E091}.Release|x86.Deploy.0 = Release|x86
	EndGlobalSection
	GlobalSection(SolutionProperties) = preSolution
		HideSolutionNode = FALSE
	EndGlobalSection
	GlobalSection(ExtensibilityGlobals) = postSolution
		SolutionGuid = {6E0FC077-D10D-4821-9862-FA8F2E0FF6AC}
	EndGlobalSection
EndGlobal
